
Microsoft Visual Studio Solution File, Format Version 12.00
# Visual Studio Version 16
VisualStudioVersion = 16.0.30011.22
MinimumVisualStudioVersion = 10.0.40219.1
Project("{9A19103F-16F7-4668-BE54-9A1E7A4F7556}") = "SpeCLI", "SpeCLI\SpeCLI.csproj", "{ABDB8E02-CE9E-4254-8F88-819D466CC077}"
EndProject
Project("{9A19103F-16F7-4668-BE54-9A1E7A4F7556}") = "SpeCLI.Tests", "SpeCLI.Tests\SpeCLI.Tests.csproj", "{D3981367-EE10-47D0-AF3E-29A5CBEF2A5B}"
EndProject
Global
	GlobalSection(SolutionConfigurationPlatforms) = preSolution
		Debug|Any CPU = Debug|Any CPU
		Release|Any CPU = Release|Any CPU
	EndGlobalSection
	GlobalSection(ProjectConfigurationPlatforms) = postSolution
		{ABDB8E02-CE9E-4254-8F88-819D466CC077}.Debug|Any CPU.ActiveCfg = Debug|Any CPU
		{ABDB8E02-CE9E-4254-8F88-819D466CC077}.Debug|Any CPU.Build.0 = Debug|Any CPU
		{ABDB8E02-CE9E-4254-8F88-819D466CC077}.Release|Any CPU.ActiveCfg = Release|Any CPU
		{ABDB8E02-CE9E-4254-8F88-819D466CC077}.Release|Any CPU.Build.0 = Release|Any CPU
		{D3981367-EE10-47D0-AF3E-29A5CBEF2A5B}.Debug|Any CPU.ActiveCfg = Debug|Any CPU
		{D3981367-EE10-47D0-AF3E-29A5CBEF2A5B}.Debug|Any CPU.Build.0 = Debug|Any CPU
		{D3981367-EE10-47D0-AF3E-29A5CBEF2A5B}.Release|Any CPU.ActiveCfg = Release|Any CPU
		{D3981367-EE10-47D0-AF3E-29A5CBEF2A5B}.Release|Any CPU.Build.0 = Release|Any CPU
	EndGlobalSection
	GlobalSection(SolutionProperties) = preSolution
		HideSolutionNode = FALSE
	EndGlobalSection
	GlobalSection(ExtensibilityGlobals) = postSolution
		SolutionGuid = {0C0FA4FF-F384-4EA2-AE38-02FC1130E94B}
	EndGlobalSection
EndGlobal
