
Microsoft Visual Studio Solution File, Format Version 12.00
# Visual Studio Version 16
VisualStudioVersion = 16.0.30011.22
MinimumVisualStudioVersion = 10.0.40219.1
Project("{9A19103F-16F7-4668-BE54-9A1E7A4F7556}") = "SpeCLI", "SpeCLI\SpeCLI.csproj", "{ABDB8E02-CE9E-4254-8F88-819D466CC077}"
EndProject
Project("{9A19103F-16F7-4668-BE54-9A1E7A4F7556}") = "SpeCLI.Tests", "SpeCLI.Tests\SpeCLI.Tests.csproj", "{D3981367-EE10-47D0-AF3E-29A5CBEF2A5B}"
EndProject
Project("{FAE04EC0-301F-11D3-BF4B-00C04F79EFBC}") = "SpeCLI.Proxy", "SpeCLI.Proxy\SpeCLI.Proxy.csproj", "{C2557CA4-B6C0-45AE-8617-745E557D6D64}"
EndProject
Project("{FAE04EC0-301F-11D3-BF4B-00C04F79EFBC}") = "SpeCLI.Tests.Proxy", "SpeCLI.Tests.Proxy\SpeCLI.Tests.Proxy.csproj", "{7C886D75-4D33-4A1E-8436-E2A0B4FE2536}"
EndProject
Global
	GlobalSection(SolutionConfigurationPlatforms) = preSolution
		Debug|Any CPU = Debug|Any CPU
		Release|Any CPU = Release|Any CPU
	EndGlobalSection
	GlobalSection(ProjectConfigurationPlatforms) = postSolution
		{ABDB8E02-CE9E-4254-8F88-819D466CC077}.Debug|Any CPU.ActiveCfg = Debug|Any CPU
		{ABDB8E02-CE9E-4254-8F88-819D466CC077}.Debug|Any CPU.Build.0 = Debug|Any CPU
		{ABDB8E02-CE9E-4254-8F88-819D466CC077}.Release|Any CPU.ActiveCfg = Release|Any CPU
		{ABDB8E02-CE9E-4254-8F88-819D466CC077}.Release|Any CPU.Build.0 = Release|Any CPU
		{D3981367-EE10-47D0-AF3E-29A5CBEF2A5B}.Debug|Any CPU.ActiveCfg = Debug|Any CPU
		{D3981367-EE10-47D0-AF3E-29A5CBEF2A5B}.Debug|Any CPU.Build.0 = Debug|Any CPU
		{D3981367-EE10-47D0-AF3E-29A5CBEF2A5B}.Release|Any CPU.ActiveCfg = Release|Any CPU
		{D3981367-EE10-47D0-AF3E-29A5CBEF2A5B}.Release|Any CPU.Build.0 = Release|Any CPU
		{C2557CA4-B6C0-45AE-8617-745E557D6D64}.Debug|Any CPU.ActiveCfg = Debug|Any CPU
		{C2557CA4-B6C0-45AE-8617-745E557D6D64}.Debug|Any CPU.Build.0 = Debug|Any CPU
		{C2557CA4-B6C0-45AE-8617-745E557D6D64}.Release|Any CPU.ActiveCfg = Release|Any CPU
		{C2557CA4-B6C0-45AE-8617-745E557D6D64}.Release|Any CPU.Build.0 = Release|Any CPU
		{7C886D75-4D33-4A1E-8436-E2A0B4FE2536}.Debug|Any CPU.ActiveCfg = Debug|Any CPU
		{7C886D75-4D33-4A1E-8436-E2A0B4FE2536}.Debug|Any CPU.Build.0 = Debug|Any CPU
		{7C886D75-4D33-4A1E-8436-E2A0B4FE2536}.Release|Any CPU.ActiveCfg = Release|Any CPU
		{7C886D75-4D33-4A1E-8436-E2A0B4FE2536}.Release|Any CPU.Build.0 = Release|Any CPU
	EndGlobalSection
	GlobalSection(SolutionProperties) = preSolution
		HideSolutionNode = FALSE
	EndGlobalSection
	GlobalSection(ExtensibilityGlobals) = postSolution
		SolutionGuid = {0C0FA4FF-F384-4EA2-AE38-02FC1130E94B}
	EndGlobalSection
EndGlobal
